<?xml version="1.0" encoding="UTF-8" standalone="yes" ?>
<CodeBlocks_project_file>
	<FileVersion major="1" minor="6" />
	<Project>
		<Option title="rspt_module" />
		<Option pch_mode="2" />
		<Option compiler="gcc" />
		<Build>
			<Target title="Debug">
				<Option output="bin/rspt_module" prefix_auto="1" extension_auto="1" />
				<Option object_output="obj/Debug/" />
				<Option type="1" />
				<Option compiler="gcc" />
				<Compiler>
					<Add option="-g" />
				</Compiler>
			</Target>
			<Target title="Release">
				<Option output="bin/rspt_module" prefix_auto="1" extension_auto="1" />
				<Option object_output="obj/Release/" />
				<Option type="1" />
				<Option compiler="gcc" />
				<Compiler>
					<Add option="-O2" />
				</Compiler>
				<Linker>
					<Add option="-s" />
				</Linker>
			</Target>
		</Build>
		<Compiler>
			<Add option="-Wall" />
			<Add option="-std=gnu++17" />
			<Add option="-std=c17" />
			<Add option="-fexceptions" />
			<Add option="-D_WIN32_WINNT=0x0501" />
		</Compiler>
		<Unit filename="ecg_analysis.cpp" />
		<Unit filename="ecg_analysis.h" />
		<Unit filename="filter.h" />
		<Unit filename="iir_filter_opt.h" />
		<Unit filename="lib_filter/iir_filter.cpp" />
		<Unit filename="lib_filter/iir_filter_design.cpp" />
		<Unit filename="peak_detector.h" />
		<Unit filename="rspt_module_indep.cpp" />
		<Extensions>
			<lib_finder disable_auto="1" />
		</Extensions>
	</Project>
</CodeBlocks_project_file>
